// !$*UTF8*$!
{
	archiveVersion = 1;
	classes = {
	};
	objectVersion = 51;
	objects = {

/* Begin PBXBuildFile section */
		05276E5A2629262300C05398 /* AppDelegate.swift in Sources */ = {isa = PBXBuildFile; fileRef = 05276E592629262300C05398 /* AppDelegate.swift */; };
		05276E5C2629262300C05398 /* SceneDelegate.swift in Sources */ = {isa = PBXBuildFile; fileRef = 05276E5B2629262300C05398 /* SceneDelegate.swift */; };
		05276E5E2629262300C05398 /* ViewController.swift in Sources */ = {isa = PBXBuildFile; fileRef = 05276E5D2629262300C05398 /* ViewController.swift */; };
		05276E612629262300C05398 /* Main.storyboard in Resources */ = {isa = PBXBuildFile; fileRef = 05276E5F2629262300C05398 /* Main.storyboard */; };
		05276E632629262E00C05398 /* Assets.xcassets in Resources */ = {isa = PBXBuildFile; fileRef = 05276E622629262E00C05398 /* Assets.xcassets */; };
		05276E662629262E00C05398 /* LaunchScreen.storyboard in Resources */ = {isa = PBXBuildFile; fileRef = 05276E642629262E00C05398 /* LaunchScreen.storyboard */; };
		05276E8D262A5B5800C05398 /* ProfileViewController.swift in Sources */ = {isa = PBXBuildFile; fileRef = 05276E8C262A5B5800C05398 /* ProfileViewController.swift */; };
		057DC9E5262B018A000F829A /* SearchViewController.swift in Sources */ = {isa = PBXBuildFile; fileRef = 057DC9E4262B018A000F829A /* SearchViewController.swift */; };
		057DC9E8262C2FF0000F829A /* DataSets.swift in Sources */ = {isa = PBXBuildFile; fileRef = 057DC9E7262C2FF0000F829A /* DataSets.swift */; };
		057DC9ED262C35D2000F829A /* VideoCell.swift in Sources */ = {isa = PBXBuildFile; fileRef = 057DC9EB262C35D2000F829A /* VideoCell.swift */; };
		057DC9EE262C35D2000F829A /* VideoCell.xib in Resources */ = {isa = PBXBuildFile; fileRef = 057DC9EC262C35D2000F829A /* VideoCell.xib */; };
		057DC9F2262C4181000F829A /* SearchAndLoadModel.swift in Sources */ = {isa = PBXBuildFile; fileRef = 057DC9F1262C4181000F829A /* SearchAndLoadModel.swift */; };
		057DC9F5262D881E000F829A /* ListViewController.swift in Sources */ = {isa = PBXBuildFile; fileRef = 057DC9F4262D881E000F829A /* ListViewController.swift */; };
		057DC9F9262D8B81000F829A /* UserNameCell.swift in Sources */ = {isa = PBXBuildFile; fileRef = 057DC9F7262D8B81000F829A /* UserNameCell.swift */; };
		057DC9FA262D8B81000F829A /* UserNameCell.xib in Resources */ = {isa = PBXBuildFile; fileRef = 057DC9F8262D8B81000F829A /* UserNameCell.xib */; };
		057DC9FD262FB550000F829A /* DetailViewController.swift in Sources */ = {isa = PBXBuildFile; fileRef = 057DC9FC262FB550000F829A /* DetailViewController.swift */; };
		05B8F313262AEC2900624AF0 /* GoogleService-Info.plist in Resources */ = {isa = PBXBuildFile; fileRef = 05B8F312262AEC2900624AF0 /* GoogleService-Info.plist */; };
		05B8F317262AED7500624AF0 /* SendDB.swift in Sources */ = {isa = PBXBuildFile; fileRef = 05B8F316262AED7500624AF0 /* SendDB.swift */; };
		2BBCF71720C116D2F1FEDD03 /* Pods_YoutubeApp0.framework in Frameworks */ = {isa = PBXBuildFile; fileRef = A01B861DD1A1380497085821 /* Pods_YoutubeApp0.framework */; };
/* End PBXBuildFile section */

/* Begin PBXFileReference section */
		05276E562629262300C05398 /* YoutubeApp0.app */ = {isa = PBXFileReference; explicitFileType = wrapper.application; includeInIndex = 0; path = YoutubeApp0.app; sourceTree = BUILT_PRODUCTS_DIR; };
		05276E592629262300C05398 /* AppDelegate.swift */ = {isa = PBXFileReference; lastKnownFileType = sourcecode.swift; path = AppDelegate.swift; sourceTree = "<group>"; };
		05276E5B2629262300C05398 /* SceneDelegate.swift */ = {isa = PBXFileReference; lastKnownFileType = sourcecode.swift; path = SceneDelegate.swift; sourceTree = "<group>"; };
		05276E5D2629262300C05398 /* ViewController.swift */ = {isa = PBXFileReference; lastKnownFileType = sourcecode.swift; path = ViewController.swift; sourceTree = "<group>"; };
		05276E602629262300C05398 /* Base */ = {isa = PBXFileReference; lastKnownFileType = file.storyboard; name = Base; path = Base.lproj/Main.storyboard; sourceTree = "<group>"; };
		05276E622629262E00C05398 /* Assets.xcassets */ = {isa = PBXFileReference; lastKnownFileType = folder.assetcatalog; path = Assets.xcassets; sourceTree = "<group>"; };
		05276E652629262E00C05398 /* Base */ = {isa = PBXFileReference; lastKnownFileType = file.storyboard; name = Base; path = Base.lproj/LaunchScreen.storyboard; sourceTree = "<group>"; };
		05276E672629262E00C05398 /* Info.plist */ = {isa = PBXFileReference; lastKnownFileType = text.plist.xml; path = Info.plist; sourceTree = "<group>"; };
		05276E8C262A5B5800C05398 /* ProfileViewController.swift */ = {isa = PBXFileReference; lastKnownFileType = sourcecode.swift; path = ProfileViewController.swift; sourceTree = "<group>"; };
		057DC9E4262B018A000F829A /* SearchViewController.swift */ = {isa = PBXFileReference; lastKnownFileType = sourcecode.swift; path = SearchViewController.swift; sourceTree = "<group>"; };
		057DC9E7262C2FF0000F829A /* DataSets.swift */ = {isa = PBXFileReference; lastKnownFileType = sourcecode.swift; path = DataSets.swift; sourceTree = "<group>"; };
		057DC9EB262C35D2000F829A /* VideoCell.swift */ = {isa = PBXFileReference; lastKnownFileType = sourcecode.swift; path = VideoCell.swift; sourceTree = "<group>"; };
		057DC9EC262C35D2000F829A /* VideoCell.xib */ = {isa = PBXFileReference; lastKnownFileType = file.xib; path = VideoCell.xib; sourceTree = "<group>"; };
		057DC9F1262C4181000F829A /* SearchAndLoadModel.swift */ = {isa = PBXFileReference; lastKnownFileType = sourcecode.swift; path = SearchAndLoadModel.swift; sourceTree = "<group>"; };
		057DC9F4262D881E000F829A /* ListViewController.swift */ = {isa = PBXFileReference; lastKnownFileType = sourcecode.swift; path = ListViewController.swift; sourceTree = "<group>"; };
		057DC9F7262D8B81000F829A /* UserNameCell.swift */ = {isa = PBXFileReference; lastKnownFileType = sourcecode.swift; path = UserNameCell.swift; sourceTree = "<group>"; };
		057DC9F8262D8B81000F829A /* UserNameCell.xib */ = {isa = PBXFileReference; lastKnownFileType = file.xib; path = UserNameCell.xib; sourceTree = "<group>"; };
		057DC9FC262FB550000F829A /* DetailViewController.swift */ = {isa = PBXFileReference; lastKnownFileType = sourcecode.swift; path = DetailViewController.swift; sourceTree = "<group>"; };
		05B8F312262AEC2900624AF0 /* GoogleService-Info.plist */ = {isa = PBXFileReference; fileEncoding = 4; lastKnownFileType = text.plist.xml; path = "GoogleService-Info.plist"; sourceTree = "<group>"; };
		05B8F316262AED7500624AF0 /* SendDB.swift */ = {isa = PBXFileReference; lastKnownFileType = sourcecode.swift; path = SendDB.swift; sourceTree = "<group>"; };
		3C290967FA1E7599B6309602 /* Pods-YoutubeApp0.debug.xcconfig */ = {isa = PBXFileReference; includeInIndex = 1; lastKnownFileType = text.xcconfig; name = "Pods-YoutubeApp0.debug.xcconfig"; path = "Target Support Files/Pods-YoutubeApp0/Pods-YoutubeApp0.debug.xcconfig"; sourceTree = "<group>"; };
		63CFE945E5E13E8A43C17459 /* Pods-YoutubeApp0.release.xcconfig */ = {isa = PBXFileReference; includeInIndex = 1; lastKnownFileType = text.xcconfig; name = "Pods-YoutubeApp0.release.xcconfig"; path = "Target Support Files/Pods-YoutubeApp0/Pods-YoutubeApp0.release.xcconfig"; sourceTree = "<group>"; };
		A01B861DD1A1380497085821 /* Pods_YoutubeApp0.framework */ = {isa = PBXFileReference; explicitFileType = wrapper.framework; includeInIndex = 0; path = Pods_YoutubeApp0.framework; sourceTree = BUILT_PRODUCTS_DIR; };
/* End PBXFileReference section */

/* Begin PBXFrameworksBuildPhase section */
		05276E532629262300C05398 /* Frameworks */ = {
			isa = PBXFrameworksBuildPhase;
			buildActionMask = 2147483647;
			files = (
				2BBCF71720C116D2F1FEDD03 /* Pods_YoutubeApp0.framework in Frameworks */,
			);
			runOnlyForDeploymentPostprocessing = 0;
		};
/* End PBXFrameworksBuildPhase section */

/* Begin PBXGroup section */
		05276E4D2629262300C05398 = {
			isa = PBXGroup;
			children = (
				05276E582629262300C05398 /* YoutubeApp0 */,
				05276E572629262300C05398 /* Products */,
				E3BE807425713C09334EB9ED /* Pods */,
				F5488E23BE7E18BCCEA05209 /* Frameworks */,
			);
			sourceTree = "<group>";
		};
		05276E572629262300C05398 /* Products */ = {
			isa = PBXGroup;
			children = (
				05276E562629262300C05398 /* YoutubeApp0.app */,
			);
			name = Products;
			sourceTree = "<group>";
		};
		05276E582629262300C05398 /* YoutubeApp0 */ = {
			isa = PBXGroup;
			children = (
				05276E592629262300C05398 /* AppDelegate.swift */,
				05276E5B2629262300C05398 /* SceneDelegate.swift */,
				057DC9EA262C3590000F829A /* View */,
				05B8F319262AED8200624AF0 /* Model */,
				05276E8B262A5B1B00C05398 /* Controller */,
				05276E5F2629262300C05398 /* Main.storyboard */,
				05276E622629262E00C05398 /* Assets.xcassets */,
				05276E642629262E00C05398 /* LaunchScreen.storyboard */,
				05276E672629262E00C05398 /* Info.plist */,
				05B8F312262AEC2900624AF0 /* GoogleService-Info.plist */,
			);
			path = YoutubeApp0;
			sourceTree = "<group>";
		};
		05276E8B262A5B1B00C05398 /* Controller */ = {
			isa = PBXGroup;
			children = (
				05276E5D2629262300C05398 /* ViewController.swift */,
				05276E8C262A5B5800C05398 /* ProfileViewController.swift */,
				057DC9E4262B018A000F829A /* SearchViewController.swift */,
				057DC9F4262D881E000F829A /* ListViewController.swift */,
				057DC9FC262FB550000F829A /* DetailViewController.swift */,
			);
			path = Controller;
			sourceTree = "<group>";
		};
		057DC9EA262C3590000F829A /* View */ = {
			isa = PBXGroup;
			children = (
				057DC9EB262C35D2000F829A /* VideoCell.swift */,
				057DC9EC262C35D2000F829A /* VideoCell.xib */,
				057DC9F7262D8B81000F829A /* UserNameCell.swift */,
				057DC9F8262D8B81000F829A /* UserNameCell.xib */,
			);
			path = View;
			sourceTree = "<group>";
		};
		05B8F319262AED8200624AF0 /* Model */ = {
			isa = PBXGroup;
			children = (
				05B8F316262AED7500624AF0 /* SendDB.swift */,
				057DC9E7262C2FF0000F829A /* DataSets.swift */,
				057DC9F1262C4181000F829A /* SearchAndLoadModel.swift */,
			);
			path = Model;
			sourceTree = "<group>";
		};
		E3BE807425713C09334EB9ED /* Pods */ = {
			isa = PBXGroup;
			children = (
				3C290967FA1E7599B6309602 /* Pods-YoutubeApp0.debug.xcconfig */,
				63CFE945E5E13E8A43C17459 /* Pods-YoutubeApp0.release.xcconfig */,
			);
			path = Pods;
			sourceTree = "<group>";
		};
		F5488E23BE7E18BCCEA05209 /* Frameworks */ = {
			isa = PBXGroup;
			children = (
				A01B861DD1A1380497085821 /* Pods_YoutubeApp0.framework */,
			);
			name = Frameworks;
			sourceTree = "<group>";
		};
/* End PBXGroup section */

/* Begin PBXNativeTarget section */
		05276E552629262300C05398 /* YoutubeApp0 */ = {
			isa = PBXNativeTarget;
			buildConfigurationList = 05276E6A2629262E00C05398 /* Build configuration list for PBXNativeTarget "YoutubeApp0" */;
			buildPhases = (
				0CB91EFA1DEEC112C6F022C3 /* [CP] Check Pods Manifest.lock */,
				05276E522629262300C05398 /* Sources */,
				05276E532629262300C05398 /* Frameworks */,
				05276E542629262300C05398 /* Resources */,
				962B583423DF8B67047671B9 /* [CP] Embed Pods Frameworks */,
			);
			buildRules = (
			);
			dependencies = (
			);
			name = YoutubeApp0;
			productName = YoutubeApp0;
			productReference = 05276E562629262300C05398 /* YoutubeApp0.app */;
			productType = "com.apple.product-type.application";
		};
/* End PBXNativeTarget section */

/* Begin PBXProject section */
		05276E4E2629262300C05398 /* Project object */ = {
			isa = PBXProject;
			attributes = {
				LastSwiftUpdateCheck = 1240;
				LastUpgradeCheck = 1240;
				TargetAttributes = {
					05276E552629262300C05398 = {
						CreatedOnToolsVersion = 12.4;
					};
				};
			};
			buildConfigurationList = 05276E512629262300C05398 /* Build configuration list for PBXProject "YoutubeApp0" */;
			compatibilityVersion = "Xcode 9.3";
			developmentRegion = en;
			hasScannedForEncodings = 0;
			knownRegions = (
				en,
				Base,
			);
			mainGroup = 05276E4D2629262300C05398;
			productRefGroup = 05276E572629262300C05398 /* Products */;
			projectDirPath = "";
			projectRoot = "";
			targets = (
				05276E552629262300C05398 /* YoutubeApp0 */,
			);
		};
/* End PBXProject section */

/* Begin PBXResourcesBuildPhase section */
		05276E542629262300C05398 /* Resources */ = {
			isa = PBXResourcesBuildPhase;
			buildActionMask = 2147483647;
			files = (
				057DC9EE262C35D2000F829A /* VideoCell.xib in Resources */,
				057DC9FA262D8B81000F829A /* UserNameCell.xib in Resources */,
				05B8F313262AEC2900624AF0 /* GoogleService-Info.plist in Resources */,
				05276E662629262E00C05398 /* LaunchScreen.storyboard in Resources */,
				05276E632629262E00C05398 /* Assets.xcassets in Resources */,
				05276E612629262300C05398 /* Main.storyboard in Resources */,
			);
			runOnlyForDeploymentPostprocessing = 0;
		};
/* End PBXResourcesBuildPhase section */

/* Begin PBXShellScriptBuildPhase section */
		0CB91EFA1DEEC112C6F022C3 /* [CP] Check Pods Manifest.lock */ = {
			isa = PBXShellScriptBuildPhase;
			buildActionMask = 2147483647;
			files = (
			);
			inputFileListPaths = (
			);
			inputPaths = (
				"${PODS_PODFILE_DIR_PATH}/Podfile.lock",
				"${PODS_ROOT}/Manifest.lock",
			);
			name = "[CP] Check Pods Manifest.lock";
			outputFileListPaths = (
			);
			outputPaths = (
				"$(DERIVED_FILE_DIR)/Pods-YoutubeApp0-checkManifestLockResult.txt",
			);
			runOnlyForDeploymentPostprocessing = 0;
			shellPath = /bin/sh;
			shellScript = "diff \"${PODS_PODFILE_DIR_PATH}/Podfile.lock\" \"${PODS_ROOT}/Manifest.lock\" > /dev/null\nif [ $? != 0 ] ; then\n    # print error to STDERR\n    echo \"error: The sandbox is not in sync with the Podfile.lock. Run 'pod install' or update your CocoaPods installation.\" >&2\n    exit 1\nfi\n# This output is used by Xcode 'outputs' to avoid re-running this script phase.\necho \"SUCCESS\" > \"${SCRIPT_OUTPUT_FILE_0}\"\n";
			showEnvVarsInLog = 0;
		};
		962B583423DF8B67047671B9 /* [CP] Embed Pods Frameworks */ = {
			isa = PBXShellScriptBuildPhase;
			buildActionMask = 2147483647;
			files = (
			);
			inputFileListPaths = (
				"${PODS_ROOT}/Target Support Files/Pods-YoutubeApp0/Pods-YoutubeApp0-frameworks-${CONFIGURATION}-input-files.xcfilelist",
			);
			name = "[CP] Embed Pods Frameworks";
			outputFileListPaths = (
				"${PODS_ROOT}/Target Support Files/Pods-YoutubeApp0/Pods-YoutubeApp0-frameworks-${CONFIGURATION}-output-files.xcfilelist",
			);
			runOnlyForDeploymentPostprocessing = 0;
			shellPath = /bin/sh;
			shellScript = "\"${PODS_ROOT}/Target Support Files/Pods-YoutubeApp0/Pods-YoutubeApp0-frameworks.sh\"\n";
			showEnvVarsInLog = 0;
		};
/* End PBXShellScriptBuildPhase section */

/* Begin PBXSourcesBuildPhase section */
		05276E522629262300C05398 /* Sources */ = {
			isa = PBXSourcesBuildPhase;
			buildActionMask = 2147483647;
			files = (
				057DC9E8262C2FF0000F829A /* DataSets.swift in Sources */,
				057DC9ED262C35D2000F829A /* VideoCell.swift in Sources */,
				057DC9E5262B018A000F829A /* SearchViewController.swift in Sources */,
				057DC9FD262FB550000F829A /* DetailViewController.swift in Sources */,
				05276E5E2629262300C05398 /* ViewController.swift in Sources */,
				057DC9F2262C4181000F829A /* SearchAndLoadModel.swift in Sources */,
				057DC9F9262D8B81000F829A /* UserNameCell.swift in Sources */,
				05276E5A2629262300C05398 /* AppDelegate.swift in Sources */,
				05B8F317262AED7500624AF0 /* SendDB.swift in Sources */,
				05276E8D262A5B5800C05398 /* ProfileViewController.swift in Sources */,
				057DC9F5262D881E000F829A /* ListViewController.swift in Sources */,
				05276E5C2629262300C05398 /* SceneDelegate.swift in Sources */,
			);
			runOnlyForDeploymentPostprocessing = 0;
		};
/* End PBXSourcesBuildPhase section */

/* Begin PBXVariantGroup section */
		05276E5F2629262300C05398 /* Main.storyboard */ = {
			isa = PBXVariantGroup;
			children = (
				05276E602629262300C05398 /* Base */,
			);
			name = Main.storyboard;
			sourceTree = "<group>";
		};
		05276E642629262E00C05398 /* LaunchScreen.storyboard */ = {
			isa = PBXVariantGroup;
			children = (
				05276E652629262E00C05398 /* Base */,
			);
			name = LaunchScreen.storyboard;
			sourceTree = "<group>";
		};
/* End PBXVariantGroup section */

/* Begin XCBuildConfiguration section */
		05276E682629262E00C05398 /* Debug */ = {
			isa = XCBuildConfiguration;
			buildSettings = {
				ALWAYS_SEARCH_USER_PATHS = NO;
				CLANG_ANALYZER_NONNULL = YES;
				CLANG_ANALYZER_NUMBER_OBJECT_CONVERSION = YES_AGGRESSIVE;
				CLANG_CXX_LANGUAGE_STANDARD = "gnu++14";
				CLANG_CXX_LIBRARY = "libc++";
				CLANG_ENABLE_MODULES = YES;
				CLANG_ENABLE_OBJC_ARC = YES;
				CLANG_ENABLE_OBJC_WEAK = YES;
				CLANG_WARN_BLOCK_CAPTURE_AUTORELEASING = YES;
				CLANG_WARN_BOOL_CONVERSION = YES;
				CLANG_WARN_COMMA = YES;
				CLANG_WARN_CONSTANT_CONVERSION = YES;
				CLANG_WARN_DEPRECATED_OBJC_IMPLEMENTATIONS = YES;
				CLANG_WARN_DIRECT_OBJC_ISA_USAGE = YES_ERROR;
				CLANG_WARN_DOCUMENTATION_COMMENTS = YES;
				CLANG_WARN_EMPTY_BODY = YES;
				CLANG_WARN_ENUM_CONVERSION = YES;
				CLANG_WARN_INFINITE_RECURSION = YES;
				CLANG_WARN_INT_CONVERSION = YES;
				CLANG_WARN_NON_LITERAL_NULL_CONVERSION = YES;
				CLANG_WARN_OBJC_IMPLICIT_RETAIN_SELF = YES;
				CLANG_WARN_OBJC_LITERAL_CONVERSION = YES;
				CLANG_WARN_OBJC_ROOT_CLASS = YES_ERROR;
				CLANG_WARN_QUOTED_INCLUDE_IN_FRAMEWORK_HEADER = YES;
				CLANG_WARN_RANGE_LOOP_ANALYSIS = YES;
				CLANG_WARN_STRICT_PROTOTYPES = YES;
				CLANG_WARN_SUSPICIOUS_MOVE = YES;
				CLANG_WARN_UNGUARDED_AVAILABILITY = YES_AGGRESSIVE;
				CLANG_WARN_UNREACHABLE_CODE = YES;
				CLANG_WARN__DUPLICATE_METHOD_MATCH = YES;
				COPY_PHASE_STRIP = NO;
				DEBUG_INFORMATION_FORMAT = dwarf;
				ENABLE_STRICT_OBJC_MSGSEND = YES;
				ENABLE_TESTABILITY = YES;
				GCC_C_LANGUAGE_STANDARD = gnu11;
				GCC_DYNAMIC_NO_PIC = NO;
				GCC_NO_COMMON_BLOCKS = YES;
				GCC_OPTIMIZATION_LEVEL = 0;
				GCC_PREPROCESSOR_DEFINITIONS = (
					"DEBUG=1",
					"$(inherited)",
				);
				GCC_WARN_64_TO_32_BIT_CONVERSION = YES;
				GCC_WARN_ABOUT_RETURN_TYPE = YES_ERROR;
				GCC_WARN_UNDECLARED_SELECTOR = YES;
				GCC_WARN_UNINITIALIZED_AUTOS = YES_AGGRESSIVE;
				GCC_WARN_UNUSED_FUNCTION = YES;
				GCC_WARN_UNUSED_VARIABLE = YES;
				IPHONEOS_DEPLOYMENT_TARGET = 14.4;
				MTL_ENABLE_DEBUG_INFO = INCLUDE_SOURCE;
				MTL_FAST_MATH = YES;
				ONLY_ACTIVE_ARCH = YES;
				SDKROOT = iphoneos;
				SWIFT_ACTIVE_COMPILATION_CONDITIONS = DEBUG;
				SWIFT_OPTIMIZATION_LEVEL = "-Onone";
			};
			name = Debug;
		};
		05276E692629262E00C05398 /* Release */ = {
			isa = XCBuildConfiguration;
			buildSettings = {
				ALWAYS_SEARCH_USER_PATHS = NO;
				CLANG_ANALYZER_NONNULL = YES;
				CLANG_ANALYZER_NUMBER_OBJECT_CONVERSION = YES_AGGRESSIVE;
				CLANG_CXX_LANGUAGE_STANDARD = "gnu++14";
				CLANG_CXX_LIBRARY = "libc++";
				CLANG_ENABLE_MODULES = YES;
				CLANG_ENABLE_OBJC_ARC = YES;
				CLANG_ENABLE_OBJC_WEAK = YES;
				CLANG_WARN_BLOCK_CAPTURE_AUTORELEASING = YES;
				CLANG_WARN_BOOL_CONVERSION = YES;
				CLANG_WARN_COMMA = YES;
				CLANG_WARN_CONSTANT_CONVERSION = YES;
				CLANG_WARN_DEPRECATED_OBJC_IMPLEMENTATIONS = YES;
				CLANG_WARN_DIRECT_OBJC_ISA_USAGE = YES_ERROR;
				CLANG_WARN_DOCUMENTATION_COMMENTS = YES;
				CLANG_WARN_EMPTY_BODY = YES;
				CLANG_WARN_ENUM_CONVERSION = YES;
				CLANG_WARN_INFINITE_RECURSION = YES;
				CLANG_WARN_INT_CONVERSION = YES;
				CLANG_WARN_NON_LITERAL_NULL_CONVERSION = YES;
				CLANG_WARN_OBJC_IMPLICIT_RETAIN_SELF = YES;
				CLANG_WARN_OBJC_LITERAL_CONVERSION = YES;
				CLANG_WARN_OBJC_ROOT_CLASS = YES_ERROR;
				CLANG_WARN_QUOTED_INCLUDE_IN_FRAMEWORK_HEADER = YES;
				CLANG_WARN_RANGE_LOOP_ANALYSIS = YES;
				CLANG_WARN_STRICT_PROTOTYPES = YES;
				CLANG_WARN_SUSPICIOUS_MOVE = YES;
				CLANG_WARN_UNGUARDED_AVAILABILITY = YES_AGGRESSIVE;
				CLANG_WARN_UNREACHABLE_CODE = YES;
				CLANG_WARN__DUPLICATE_METHOD_MATCH = YES;
				COPY_PHASE_STRIP = NO;
				DEBUG_INFORMATION_FORMAT = "dwarf-with-dsym";
				ENABLE_NS_ASSERTIONS = NO;
				ENABLE_STRICT_OBJC_MSGSEND = YES;
				GCC_C_LANGUAGE_STANDARD = gnu11;
				GCC_NO_COMMON_BLOCKS = YES;
				GCC_WARN_64_TO_32_BIT_CONVERSION = YES;
				GCC_WARN_ABOUT_RETURN_TYPE = YES_ERROR;
				GCC_WARN_UNDECLARED_SELECTOR = YES;
				GCC_WARN_UNINITIALIZED_AUTOS = YES_AGGRESSIVE;
				GCC_WARN_UNUSED_FUNCTION = YES;
				GCC_WARN_UNUSED_VARIABLE = YES;
				IPHONEOS_DEPLOYMENT_TARGET = 14.4;
				MTL_ENABLE_DEBUG_INFO = NO;
				MTL_FAST_MATH = YES;
				SDKROOT = iphoneos;
				SWIFT_COMPILATION_MODE = wholemodule;
				SWIFT_OPTIMIZATION_LEVEL = "-O";
				VALIDATE_PRODUCT = YES;
			};
			name = Release;
		};
		05276E6B2629262E00C05398 /* Debug */ = {
			isa = XCBuildConfiguration;
			baseConfigurationReference = 3C290967FA1E7599B6309602 /* Pods-YoutubeApp0.debug.xcconfig */;
			buildSettings = {
				ASSETCATALOG_COMPILER_APPICON_NAME = AppIcon;
				ASSETCATALOG_COMPILER_GLOBAL_ACCENT_COLOR_NAME = AccentColor;
				CODE_SIGN_STYLE = Automatic;
				INFOPLIST_FILE = YoutubeApp0/Info.plist;
				LD_RUNPATH_SEARCH_PATHS = (
					"$(inherited)",
					"@executable_path/Frameworks",
				);
				PRODUCT_BUNDLE_IDENTIFIER = com.Noneudemy.YoutubeApp0;
				PRODUCT_NAME = "$(TARGET_NAME)";
				SWIFT_VERSION = 5.0;
				TARGETED_DEVICE_FAMILY = "1,2";
			};
			name = Debug;
		};
		05276E6C2629262E00C05398 /* Release */ = {
			isa = XCBuildConfiguration;
			baseConfigurationReference = 63CFE945E5E13E8A43C17459 /* Pods-YoutubeApp0.release.xcconfig */;
			buildSettings = {
				ASSETCATALOG_COMPILER_APPICON_NAME = AppIcon;
				ASSETCATALOG_COMPILER_GLOBAL_ACCENT_COLOR_NAME = AccentColor;
				CODE_SIGN_STYLE = Automatic;
				INFOPLIST_FILE = YoutubeApp0/Info.plist;
				LD_RUNPATH_SEARCH_PATHS = (
					"$(inherited)",
					"@executable_path/Frameworks",
				);
				PRODUCT_BUNDLE_IDENTIFIER = com.Noneudemy.YoutubeApp0;
				PRODUCT_NAME = "$(TARGET_NAME)";
				SWIFT_VERSION = 5.0;
				TARGETED_DEVICE_FAMILY = "1,2";
			};
			name = Release;
		};
/* End XCBuildConfiguration section */

/* Begin XCConfigurationList section */
		05276E512629262300C05398 /* Build configuration list for PBXProject "YoutubeApp0" */ = {
			isa = XCConfigurationList;
			buildConfigurations = (
				05276E682629262E00C05398 /* Debug */,
				05276E692629262E00C05398 /* Release */,
			);
			defaultConfigurationIsVisible = 0;
			defaultConfigurationName = Release;
		};
		05276E6A2629262E00C05398 /* Build configuration list for PBXNativeTarget "YoutubeApp0" */ = {
			isa = XCConfigurationList;
			buildConfigurations = (
				05276E6B2629262E00C05398 /* Debug */,
				05276E6C2629262E00C05398 /* Release */,
			);
			defaultConfigurationIsVisible = 0;
			defaultConfigurationName = Release;
		};
/* End XCConfigurationList section */
	};
	rootObject = 05276E4E2629262300C05398 /* Project object */;
}
